
Microsoft Visual Studio Solution File, Format Version 12.00
# Visual Studio Version 16
VisualStudioVersion = 16.0.31624.102
MinimumVisualStudioVersion = 10.0.40219.1
Project("{2150E333-8FDC-42A3-9474-1A3956D46DE8}") = "src", "src", "{DE6BFD66-CB4D-446A-BBFE-9DDD5EFE7886}"
EndProject
Project("{2150E333-8FDC-42A3-9474-1A3956D46DE8}") = "Building Blocks", "Building Blocks", "{CB804F76-4644-40F4-963A-E55DD99A3D7B}"
EndProject
Project("{2150E333-8FDC-42A3-9474-1A3956D46DE8}") = "Services", "Services", "{4E48F472-B1BA-4F37-81EC-A63F50694FF6}"
EndProject
Project("{2150E333-8FDC-42A3-9474-1A3956D46DE8}") = "Web", "Web", "{4A7548F0-FA24-4DB8-ADA3-A43D86EEFE4F}"
EndProject
Project("{2150E333-8FDC-42A3-9474-1A3956D46DE8}") = "Identidade", "Identidade", "{76A92E01-1BC6-448E-AD17-C90653E560D8}"
EndProject
Project("{9A19103F-16F7-4668-BE54-9A1E7A4F7556}") = "NSE.Identidade.API", "src\services\NSE.Identidade.API\NSE.Identidade.API.csproj", "{781EB0FA-369B-4896-A3D7-E5ED449B3E0C}"
EndProject
Project("{2150E333-8FDC-42A3-9474-1A3956D46DE8}") = "MVC", "MVC", "{08569EF7-D6E5-4CE2-9CDB-B85090B810F0}"
EndProject
Project("{2150E333-8FDC-42A3-9474-1A3956D46DE8}") = "Core", "Core", "{9FD8E50C-25F1-4ED7-8D93-E81C1DCDAE44}"
EndProject
Project("{9A19103F-16F7-4668-BE54-9A1E7A4F7556}") = "NSE.Core", "src\building blocks\NSE.Core\NSE.Core.csproj", "{C1F58F4A-0949-4D9C-AA93-6E3B7C044438}"
EndProject
Project("{2150E333-8FDC-42A3-9474-1A3956D46DE8}") = "Carrinho", "Carrinho", "{30928285-0415-4351-9534-63B4B05BF56C}"
EndProject
Project("{FAE04EC0-301F-11D3-BF4B-00C04F79EFBC}") = "NSE.Carrinho.API", "src\services\NSE.Carrinho.API\NSE.Carrinho.API.csproj", "{3561292F-E220-4836-B373-AB7D433F9DC9}"
EndProject
Project("{2150E333-8FDC-42A3-9474-1A3956D46DE8}") = "Catalogo", "Catalogo", "{7C695F08-E924-4830-A71C-3D0BA92788B3}"
EndProject
Project("{FAE04EC0-301F-11D3-BF4B-00C04F79EFBC}") = "NSE.Catalogo.API", "src\services\NSE.Catalogo.API\NSE.Catalogo.API.csproj", "{2EFDDEEB-291E-4B56-955D-28A43767C997}"
EndProject
Project("{2150E333-8FDC-42A3-9474-1A3956D46DE8}") = "Cliente", "Cliente", "{1DD2BA6E-B246-4891-AB9A-86FC520E88E1}"
EndProject
Project("{FAE04EC0-301F-11D3-BF4B-00C04F79EFBC}") = "NSE.Cliente.API", "src\services\NSE.Cliente.API\NSE.Cliente.API.csproj", "{B2B0A73D-73F9-42D0-B0BB-EAE33A9B3307}"
EndProject
Project("{2150E333-8FDC-42A3-9474-1A3956D46DE8}") = "Pagamento", "Pagamento", "{A3A4F06E-AA57-4930-95DA-D64FF7C49F61}"
EndProject
Project("{FAE04EC0-301F-11D3-BF4B-00C04F79EFBC}") = "NSE.Pagamento.API", "src\services\NSE.Pagamento.API\NSE.Pagamento.API.csproj", "{4B9970EA-6749-4F07-8D04-57D68FE6EBCB}"
EndProject
Project("{2150E333-8FDC-42A3-9474-1A3956D46DE8}") = "Pedido", "Pedido", "{D39127DB-2013-420C-9008-395051F49AED}"
EndProject
Project("{FAE04EC0-301F-11D3-BF4B-00C04F79EFBC}") = "NSE.Pedido.API", "src\services\NSE.Pedido.API\NSE.Pedido.API.csproj", "{A5F016F9-B086-4D15-B9D6-E15C17056726}"
EndProject
Project("{FAE04EC0-301F-11D3-BF4B-00C04F79EFBC}") = "NSE.WebApp.MVC", "src\web\NSE.WebApp.MVC\NSE.WebApp.MVC.csproj", "{70C7A3DB-D57E-4F7B-A4E6-D8D32F2D2189}"
EndProject
Global
	GlobalSection(SolutionConfigurationPlatforms) = preSolution
		Debug|Any CPU = Debug|Any CPU
		Release|Any CPU = Release|Any CPU
	EndGlobalSection
	GlobalSection(ProjectConfigurationPlatforms) = postSolution
		{781EB0FA-369B-4896-A3D7-E5ED449B3E0C}.Debug|Any CPU.ActiveCfg = Debug|Any CPU
		{781EB0FA-369B-4896-A3D7-E5ED449B3E0C}.Debug|Any CPU.Build.0 = Debug|Any CPU
		{781EB0FA-369B-4896-A3D7-E5ED449B3E0C}.Release|Any CPU.ActiveCfg = Release|Any CPU
		{781EB0FA-369B-4896-A3D7-E5ED449B3E0C}.Release|Any CPU.Build.0 = Release|Any CPU
		{C1F58F4A-0949-4D9C-AA93-6E3B7C044438}.Debug|Any CPU.ActiveCfg = Debug|Any CPU
		{C1F58F4A-0949-4D9C-AA93-6E3B7C044438}.Debug|Any CPU.Build.0 = Debug|Any CPU
		{C1F58F4A-0949-4D9C-AA93-6E3B7C044438}.Release|Any CPU.ActiveCfg = Release|Any CPU
		{C1F58F4A-0949-4D9C-AA93-6E3B7C044438}.Release|Any CPU.Build.0 = Release|Any CPU
		{3561292F-E220-4836-B373-AB7D433F9DC9}.Debug|Any CPU.ActiveCfg = Debug|Any CPU
		{3561292F-E220-4836-B373-AB7D433F9DC9}.Debug|Any CPU.Build.0 = Debug|Any CPU
		{3561292F-E220-4836-B373-AB7D433F9DC9}.Release|Any CPU.ActiveCfg = Release|Any CPU
		{3561292F-E220-4836-B373-AB7D433F9DC9}.Release|Any CPU.Build.0 = Release|Any CPU
		{2EFDDEEB-291E-4B56-955D-28A43767C997}.Debug|Any CPU.ActiveCfg = Debug|Any CPU
		{2EFDDEEB-291E-4B56-955D-28A43767C997}.Debug|Any CPU.Build.0 = Debug|Any CPU
		{2EFDDEEB-291E-4B56-955D-28A43767C997}.Release|Any CPU.ActiveCfg = Release|Any CPU
		{2EFDDEEB-291E-4B56-955D-28A43767C997}.Release|Any CPU.Build.0 = Release|Any CPU
		{B2B0A73D-73F9-42D0-B0BB-EAE33A9B3307}.Debug|Any CPU.ActiveCfg = Debug|Any CPU
		{B2B0A73D-73F9-42D0-B0BB-EAE33A9B3307}.Debug|Any CPU.Build.0 = Debug|Any CPU
		{B2B0A73D-73F9-42D0-B0BB-EAE33A9B3307}.Release|Any CPU.ActiveCfg = Release|Any CPU
		{B2B0A73D-73F9-42D0-B0BB-EAE33A9B3307}.Release|Any CPU.Build.0 = Release|Any CPU
		{4B9970EA-6749-4F07-8D04-57D68FE6EBCB}.Debug|Any CPU.ActiveCfg = Debug|Any CPU
		{4B9970EA-6749-4F07-8D04-57D68FE6EBCB}.Debug|Any CPU.Build.0 = Debug|Any CPU
		{4B9970EA-6749-4F07-8D04-57D68FE6EBCB}.Release|Any CPU.ActiveCfg = Release|Any CPU
		{4B9970EA-6749-4F07-8D04-57D68FE6EBCB}.Release|Any CPU.Build.0 = Release|Any CPU
		{A5F016F9-B086-4D15-B9D6-E15C17056726}.Debug|Any CPU.ActiveCfg = Debug|Any CPU
		{A5F016F9-B086-4D15-B9D6-E15C17056726}.Debug|Any CPU.Build.0 = Debug|Any CPU
		{A5F016F9-B086-4D15-B9D6-E15C17056726}.Release|Any CPU.ActiveCfg = Release|Any CPU
		{A5F016F9-B086-4D15-B9D6-E15C17056726}.Release|Any CPU.Build.0 = Release|Any CPU
		{70C7A3DB-D57E-4F7B-A4E6-D8D32F2D2189}.Debug|Any CPU.ActiveCfg = Debug|Any CPU
		{70C7A3DB-D57E-4F7B-A4E6-D8D32F2D2189}.Debug|Any CPU.Build.0 = Debug|Any CPU
		{70C7A3DB-D57E-4F7B-A4E6-D8D32F2D2189}.Release|Any CPU.ActiveCfg = Release|Any CPU
		{70C7A3DB-D57E-4F7B-A4E6-D8D32F2D2189}.Release|Any CPU.Build.0 = Release|Any CPU
	EndGlobalSection
	GlobalSection(SolutionProperties) = preSolution
		HideSolutionNode = FALSE
	EndGlobalSection
	GlobalSection(NestedProjects) = preSolution
		{CB804F76-4644-40F4-963A-E55DD99A3D7B} = {DE6BFD66-CB4D-446A-BBFE-9DDD5EFE7886}
		{4E48F472-B1BA-4F37-81EC-A63F50694FF6} = {DE6BFD66-CB4D-446A-BBFE-9DDD5EFE7886}
		{4A7548F0-FA24-4DB8-ADA3-A43D86EEFE4F} = {DE6BFD66-CB4D-446A-BBFE-9DDD5EFE7886}
		{76A92E01-1BC6-448E-AD17-C90653E560D8} = {4E48F472-B1BA-4F37-81EC-A63F50694FF6}
		{781EB0FA-369B-4896-A3D7-E5ED449B3E0C} = {76A92E01-1BC6-448E-AD17-C90653E560D8}
		{08569EF7-D6E5-4CE2-9CDB-B85090B810F0} = {4A7548F0-FA24-4DB8-ADA3-A43D86EEFE4F}
		{9FD8E50C-25F1-4ED7-8D93-E81C1DCDAE44} = {CB804F76-4644-40F4-963A-E55DD99A3D7B}
		{C1F58F4A-0949-4D9C-AA93-6E3B7C044438} = {9FD8E50C-25F1-4ED7-8D93-E81C1DCDAE44}
		{30928285-0415-4351-9534-63B4B05BF56C} = {4E48F472-B1BA-4F37-81EC-A63F50694FF6}
		{3561292F-E220-4836-B373-AB7D433F9DC9} = {30928285-0415-4351-9534-63B4B05BF56C}
		{7C695F08-E924-4830-A71C-3D0BA92788B3} = {4E48F472-B1BA-4F37-81EC-A63F50694FF6}
		{2EFDDEEB-291E-4B56-955D-28A43767C997} = {7C695F08-E924-4830-A71C-3D0BA92788B3}
		{1DD2BA6E-B246-4891-AB9A-86FC520E88E1} = {4E48F472-B1BA-4F37-81EC-A63F50694FF6}
		{B2B0A73D-73F9-42D0-B0BB-EAE33A9B3307} = {1DD2BA6E-B246-4891-AB9A-86FC520E88E1}
		{A3A4F06E-AA57-4930-95DA-D64FF7C49F61} = {4E48F472-B1BA-4F37-81EC-A63F50694FF6}
		{4B9970EA-6749-4F07-8D04-57D68FE6EBCB} = {A3A4F06E-AA57-4930-95DA-D64FF7C49F61}
		{D39127DB-2013-420C-9008-395051F49AED} = {4E48F472-B1BA-4F37-81EC-A63F50694FF6}
		{A5F016F9-B086-4D15-B9D6-E15C17056726} = {D39127DB-2013-420C-9008-395051F49AED}
		{70C7A3DB-D57E-4F7B-A4E6-D8D32F2D2189} = {08569EF7-D6E5-4CE2-9CDB-B85090B810F0}
	EndGlobalSection
	GlobalSection(ExtensibilityGlobals) = postSolution
		SolutionGuid = {287A63A8-6F16-4671-BB04-4DD0B4E7DC77}
	EndGlobalSection
EndGlobal
