
Microsoft Visual Studio Solution File, Format Version 12.00
# Visual Studio Version 16
VisualStudioVersion = 16.0.31624.102
MinimumVisualStudioVersion = 10.0.40219.1
Project("{2150E333-8FDC-42A3-9474-1A3956D46DE8}") = "src", "src", "{DE6BFD66-CB4D-446A-BBFE-9DDD5EFE7886}"
EndProject
Project("{2150E333-8FDC-42A3-9474-1A3956D46DE8}") = "Building Blocks", "Building Blocks", "{CB804F76-4644-40F4-963A-E55DD99A3D7B}"
EndProject
Project("{2150E333-8FDC-42A3-9474-1A3956D46DE8}") = "Services", "Services", "{4E48F472-B1BA-4F37-81EC-A63F50694FF6}"
EndProject
Project("{2150E333-8FDC-42A3-9474-1A3956D46DE8}") = "Web", "Web", "{4A7548F0-FA24-4DB8-ADA3-A43D86EEFE4F}"
EndProject
Project("{2150E333-8FDC-42A3-9474-1A3956D46DE8}") = "Identidade", "Identidade", "{76A92E01-1BC6-448E-AD17-C90653E560D8}"
EndProject
Project("{FAE04EC0-301F-11D3-BF4B-00C04F79EFBC}") = "NSE.Identidade.API", "src\services\NSE.Identidade.API\NSE.Identidade.API.csproj", "{781EB0FA-369B-4896-A3D7-E5ED449B3E0C}"
EndProject
Project("{2150E333-8FDC-42A3-9474-1A3956D46DE8}") = "MVC", "MVC", "{08569EF7-D6E5-4CE2-9CDB-B85090B810F0}"
EndProject
Project("{FAE04EC0-301F-11D3-BF4B-00C04F79EFBC}") = "NSE.WebApp.MVC", "NSE.WebApp.MVC\NSE.WebApp.MVC.csproj", "{52C31DB7-4F56-4349-BE6F-8E3A872F32E0}"
EndProject
Project("{2150E333-8FDC-42A3-9474-1A3956D46DE8}") = "Core", "Core", "{9FD8E50C-25F1-4ED7-8D93-E81C1DCDAE44}"
EndProject
Project("{FAE04EC0-301F-11D3-BF4B-00C04F79EFBC}") = "NSE.Core", "src\building blocks\NSE.Core\NSE.Core.csproj", "{C1F58F4A-0949-4D9C-AA93-6E3B7C044438}"
EndProject
Global
	GlobalSection(SolutionConfigurationPlatforms) = preSolution
		Debug|Any CPU = Debug|Any CPU
		Release|Any CPU = Release|Any CPU
	EndGlobalSection
	GlobalSection(ProjectConfigurationPlatforms) = postSolution
		{781EB0FA-369B-4896-A3D7-E5ED449B3E0C}.Debug|Any CPU.ActiveCfg = Debug|Any CPU
		{781EB0FA-369B-4896-A3D7-E5ED449B3E0C}.Debug|Any CPU.Build.0 = Debug|Any CPU
		{781EB0FA-369B-4896-A3D7-E5ED449B3E0C}.Release|Any CPU.ActiveCfg = Release|Any CPU
		{781EB0FA-369B-4896-A3D7-E5ED449B3E0C}.Release|Any CPU.Build.0 = Release|Any CPU
		{52C31DB7-4F56-4349-BE6F-8E3A872F32E0}.Debug|Any CPU.ActiveCfg = Debug|Any CPU
		{52C31DB7-4F56-4349-BE6F-8E3A872F32E0}.Debug|Any CPU.Build.0 = Debug|Any CPU
		{52C31DB7-4F56-4349-BE6F-8E3A872F32E0}.Release|Any CPU.ActiveCfg = Release|Any CPU
		{52C31DB7-4F56-4349-BE6F-8E3A872F32E0}.Release|Any CPU.Build.0 = Release|Any CPU
		{C1F58F4A-0949-4D9C-AA93-6E3B7C044438}.Debug|Any CPU.ActiveCfg = Debug|Any CPU
		{C1F58F4A-0949-4D9C-AA93-6E3B7C044438}.Debug|Any CPU.Build.0 = Debug|Any CPU
		{C1F58F4A-0949-4D9C-AA93-6E3B7C044438}.Release|Any CPU.ActiveCfg = Release|Any CPU
		{C1F58F4A-0949-4D9C-AA93-6E3B7C044438}.Release|Any CPU.Build.0 = Release|Any CPU
	EndGlobalSection
	GlobalSection(SolutionProperties) = preSolution
		HideSolutionNode = FALSE
	EndGlobalSection
	GlobalSection(NestedProjects) = preSolution
		{CB804F76-4644-40F4-963A-E55DD99A3D7B} = {DE6BFD66-CB4D-446A-BBFE-9DDD5EFE7886}
		{4E48F472-B1BA-4F37-81EC-A63F50694FF6} = {DE6BFD66-CB4D-446A-BBFE-9DDD5EFE7886}
		{4A7548F0-FA24-4DB8-ADA3-A43D86EEFE4F} = {DE6BFD66-CB4D-446A-BBFE-9DDD5EFE7886}
		{76A92E01-1BC6-448E-AD17-C90653E560D8} = {4E48F472-B1BA-4F37-81EC-A63F50694FF6}
		{781EB0FA-369B-4896-A3D7-E5ED449B3E0C} = {76A92E01-1BC6-448E-AD17-C90653E560D8}
		{08569EF7-D6E5-4CE2-9CDB-B85090B810F0} = {4A7548F0-FA24-4DB8-ADA3-A43D86EEFE4F}
		{52C31DB7-4F56-4349-BE6F-8E3A872F32E0} = {08569EF7-D6E5-4CE2-9CDB-B85090B810F0}
		{9FD8E50C-25F1-4ED7-8D93-E81C1DCDAE44} = {CB804F76-4644-40F4-963A-E55DD99A3D7B}
		{C1F58F4A-0949-4D9C-AA93-6E3B7C044438} = {9FD8E50C-25F1-4ED7-8D93-E81C1DCDAE44}
	EndGlobalSection
	GlobalSection(ExtensibilityGlobals) = postSolution
		SolutionGuid = {287A63A8-6F16-4671-BB04-4DD0B4E7DC77}
	EndGlobalSection
EndGlobal
